
Microsoft Visual Studio Solution File, Format Version 12.00
# Visual Studio 15
VisualStudioVersion = 15.0.26228.4
MinimumVisualStudioVersion = 10.0.40219.1
Project("{FAE04EC0-301F-11D3-BF4B-00C04F79EFBC}") = "Day1DataTypes", "Day1DataTypes\Day1DataTypes.csproj", "{E76FFD17-2970-43C6-B2EE-925785BB38ED}"
EndProject
Project("{FAE04EC0-301F-11D3-BF4B-00C04F79EFBC}") = "Day2Operators", "..\..\Tutorial\Day2Operators\Day2Operators\Day2Operators.csproj", "{8F0C339D-398C-48C2-8332-DA0BF1D3F370}"
EndProject
Project("{FAE04EC0-301F-11D3-BF4B-00C04F79EFBC}") = "Day3IntrotoConditionalStatements", "Day3IntrotoConditionalStatements\Day3IntrotoConditionalStatements.csproj", "{CC02E11F-D546-4C5A-A415-2BD4A39560B2}"
EndProject
Project("{FAE04EC0-301F-11D3-BF4B-00C04F79EFBC}") = "Day4ClassVsInstance", "..\Day4ClassVsInstance\Day4ClassVsInstance\Day4ClassVsInstance.csproj", "{17E93551-104F-4423-A888-9720158902AF}"
EndProject
Project("{FAE04EC0-301F-11D3-BF4B-00C04F79EFBC}") = "Day5Loops", "..\Day5Loops\Day5Loops\Day5Loops.csproj", "{8B5FEEFD-8346-42BC-9651-1AF35329C940}"
EndProject
Project("{FAE04EC0-301F-11D3-BF4B-00C04F79EFBC}") = "Day6LetsReview", "..\Day6LetsReview\Day6LetsReview\Day6LetsReview.csproj", "{58F3D4B8-2EEC-45FB-A314-B31EF73EBD72}"
EndProject
Project("{FAE04EC0-301F-11D3-BF4B-00C04F79EFBC}") = "Day7Arrays", "..\Day7Arrays\Day7Arrays\Day7Arrays.csproj", "{C198F893-ECC3-4BBC-8FFF-50D5C1017D4F}"
EndProject
Project("{FAE04EC0-301F-11D3-BF4B-00C04F79EFBC}") = "Day8DictionariesAndMaps", "..\Day8DictionariesAndMaps\Day8DictionariesAndMaps\Day8DictionariesAndMaps.csproj", "{2FAD8262-3D1E-4F2B-B76E-FE1EF2F4495B}"
EndProject
Project("{FAE04EC0-301F-11D3-BF4B-00C04F79EFBC}") = "Day9Recursion", "..\Day9Recursion\Day9Recursion\Day9Recursion.csproj", "{FDFDF79A-807F-4BC7-A991-EF9EA592C625}"
EndProject
Project("{FAE04EC0-301F-11D3-BF4B-00C04F79EFBC}") = "Day10BinaryNumbers", "..\..\HackerRank30DayTutorial\Day10BinaryNumbers\Day10BinaryNumbers\Day10BinaryNumbers.csproj", "{9E4F7CBE-6463-4FD0-AF03-C28DF620A09E}"
EndProject
Project("{FAE04EC0-301F-11D3-BF4B-00C04F79EFBC}") = "Day10BinaryNumbersTests", "..\..\Day10BinaryNumbersTests\Day10BinaryNumbersTests.csproj", "{24580BF2-7BD7-4E58-AA43-CE5C411B4607}"
EndProject
Project("{FAE04EC0-301F-11D3-BF4B-00C04F79EFBC}") = "Day112DArrays", "Day112DArrays\Day112DArrays.csproj", "{4F52F353-583B-4129-B4AC-6ADF5F8D0E9F}"
EndProject
Project("{FAE04EC0-301F-11D3-BF4B-00C04F79EFBC}") = "Day12Inheritance", "..\..\Day12Inheritance\Day12Inheritance\Day12Inheritance.csproj", "{FC73C142-0908-4184-A510-2EC27855AAE0}"
EndProject
Project("{FAE04EC0-301F-11D3-BF4B-00C04F79EFBC}") = "Day13AbstractClasses", "..\..\Day13AbstractClasses\Day13AbstractClasses\Day13AbstractClasses.csproj", "{34C3E438-2AC6-4D10-98A8-166BAF49729B}"
EndProject
Project("{FAE04EC0-301F-11D3-BF4B-00C04F79EFBC}") = "Day14Scope", "..\..\Day14Scope\Day14Scope\Day14Scope.csproj", "{37C5159E-B347-4224-870C-937E78CBE73F}"
EndProject
Project("{FAE04EC0-301F-11D3-BF4B-00C04F79EFBC}") = "Day15LinkedList", "Day15LinkedList\Day15LinkedList.csproj", "{0E30C818-9CCC-457C-BAFA-E7A3C43B43EF}"
EndProject
Project("{FAE04EC0-301F-11D3-BF4B-00C04F79EFBC}") = "Day16 Exceptions Handling", "Day16 Exceptions Handling\Day16 Exceptions Handling.csproj", "{D4D7FE9C-6871-4669-B3CF-D5CCBDDEAD4B}"
EndProject
Global
	GlobalSection(SolutionConfigurationPlatforms) = preSolution
		Debug|Any CPU = Debug|Any CPU
		Release|Any CPU = Release|Any CPU
	EndGlobalSection
	GlobalSection(ProjectConfigurationPlatforms) = postSolution
		{E76FFD17-2970-43C6-B2EE-925785BB38ED}.Debug|Any CPU.ActiveCfg = Debug|Any CPU
		{E76FFD17-2970-43C6-B2EE-925785BB38ED}.Debug|Any CPU.Build.0 = Debug|Any CPU
		{E76FFD17-2970-43C6-B2EE-925785BB38ED}.Release|Any CPU.ActiveCfg = Release|Any CPU
		{E76FFD17-2970-43C6-B2EE-925785BB38ED}.Release|Any CPU.Build.0 = Release|Any CPU
		{8F0C339D-398C-48C2-8332-DA0BF1D3F370}.Debug|Any CPU.ActiveCfg = Debug|Any CPU
		{8F0C339D-398C-48C2-8332-DA0BF1D3F370}.Debug|Any CPU.Build.0 = Debug|Any CPU
		{8F0C339D-398C-48C2-8332-DA0BF1D3F370}.Release|Any CPU.ActiveCfg = Release|Any CPU
		{8F0C339D-398C-48C2-8332-DA0BF1D3F370}.Release|Any CPU.Build.0 = Release|Any CPU
		{CC02E11F-D546-4C5A-A415-2BD4A39560B2}.Debug|Any CPU.ActiveCfg = Debug|Any CPU
		{CC02E11F-D546-4C5A-A415-2BD4A39560B2}.Debug|Any CPU.Build.0 = Debug|Any CPU
		{CC02E11F-D546-4C5A-A415-2BD4A39560B2}.Release|Any CPU.ActiveCfg = Release|Any CPU
		{CC02E11F-D546-4C5A-A415-2BD4A39560B2}.Release|Any CPU.Build.0 = Release|Any CPU
		{17E93551-104F-4423-A888-9720158902AF}.Debug|Any CPU.ActiveCfg = Debug|Any CPU
		{17E93551-104F-4423-A888-9720158902AF}.Debug|Any CPU.Build.0 = Debug|Any CPU
		{17E93551-104F-4423-A888-9720158902AF}.Release|Any CPU.ActiveCfg = Release|Any CPU
		{17E93551-104F-4423-A888-9720158902AF}.Release|Any CPU.Build.0 = Release|Any CPU
		{8B5FEEFD-8346-42BC-9651-1AF35329C940}.Debug|Any CPU.ActiveCfg = Debug|Any CPU
		{8B5FEEFD-8346-42BC-9651-1AF35329C940}.Debug|Any CPU.Build.0 = Debug|Any CPU
		{8B5FEEFD-8346-42BC-9651-1AF35329C940}.Release|Any CPU.ActiveCfg = Release|Any CPU
		{8B5FEEFD-8346-42BC-9651-1AF35329C940}.Release|Any CPU.Build.0 = Release|Any CPU
		{58F3D4B8-2EEC-45FB-A314-B31EF73EBD72}.Debug|Any CPU.ActiveCfg = Debug|Any CPU
		{58F3D4B8-2EEC-45FB-A314-B31EF73EBD72}.Debug|Any CPU.Build.0 = Debug|Any CPU
		{58F3D4B8-2EEC-45FB-A314-B31EF73EBD72}.Release|Any CPU.ActiveCfg = Release|Any CPU
		{58F3D4B8-2EEC-45FB-A314-B31EF73EBD72}.Release|Any CPU.Build.0 = Release|Any CPU
		{C198F893-ECC3-4BBC-8FFF-50D5C1017D4F}.Debug|Any CPU.ActiveCfg = Debug|Any CPU
		{C198F893-ECC3-4BBC-8FFF-50D5C1017D4F}.Debug|Any CPU.Build.0 = Debug|Any CPU
		{C198F893-ECC3-4BBC-8FFF-50D5C1017D4F}.Release|Any CPU.ActiveCfg = Release|Any CPU
		{C198F893-ECC3-4BBC-8FFF-50D5C1017D4F}.Release|Any CPU.Build.0 = Release|Any CPU
		{2FAD8262-3D1E-4F2B-B76E-FE1EF2F4495B}.Debug|Any CPU.ActiveCfg = Debug|Any CPU
		{2FAD8262-3D1E-4F2B-B76E-FE1EF2F4495B}.Debug|Any CPU.Build.0 = Debug|Any CPU
		{2FAD8262-3D1E-4F2B-B76E-FE1EF2F4495B}.Release|Any CPU.ActiveCfg = Release|Any CPU
		{2FAD8262-3D1E-4F2B-B76E-FE1EF2F4495B}.Release|Any CPU.Build.0 = Release|Any CPU
		{FDFDF79A-807F-4BC7-A991-EF9EA592C625}.Debug|Any CPU.ActiveCfg = Debug|Any CPU
		{FDFDF79A-807F-4BC7-A991-EF9EA592C625}.Debug|Any CPU.Build.0 = Debug|Any CPU
		{FDFDF79A-807F-4BC7-A991-EF9EA592C625}.Release|Any CPU.ActiveCfg = Release|Any CPU
		{FDFDF79A-807F-4BC7-A991-EF9EA592C625}.Release|Any CPU.Build.0 = Release|Any CPU
		{9E4F7CBE-6463-4FD0-AF03-C28DF620A09E}.Debug|Any CPU.ActiveCfg = Debug|Any CPU
		{9E4F7CBE-6463-4FD0-AF03-C28DF620A09E}.Debug|Any CPU.Build.0 = Debug|Any CPU
		{9E4F7CBE-6463-4FD0-AF03-C28DF620A09E}.Release|Any CPU.ActiveCfg = Release|Any CPU
		{9E4F7CBE-6463-4FD0-AF03-C28DF620A09E}.Release|Any CPU.Build.0 = Release|Any CPU
		{24580BF2-7BD7-4E58-AA43-CE5C411B4607}.Debug|Any CPU.ActiveCfg = Debug|Any CPU
		{24580BF2-7BD7-4E58-AA43-CE5C411B4607}.Debug|Any CPU.Build.0 = Debug|Any CPU
		{24580BF2-7BD7-4E58-AA43-CE5C411B4607}.Release|Any CPU.ActiveCfg = Release|Any CPU
		{24580BF2-7BD7-4E58-AA43-CE5C411B4607}.Release|Any CPU.Build.0 = Release|Any CPU
		{4F52F353-583B-4129-B4AC-6ADF5F8D0E9F}.Debug|Any CPU.ActiveCfg = Debug|Any CPU
		{4F52F353-583B-4129-B4AC-6ADF5F8D0E9F}.Debug|Any CPU.Build.0 = Debug|Any CPU
		{4F52F353-583B-4129-B4AC-6ADF5F8D0E9F}.Release|Any CPU.ActiveCfg = Release|Any CPU
		{4F52F353-583B-4129-B4AC-6ADF5F8D0E9F}.Release|Any CPU.Build.0 = Release|Any CPU
		{FC73C142-0908-4184-A510-2EC27855AAE0}.Debug|Any CPU.ActiveCfg = Debug|Any CPU
		{FC73C142-0908-4184-A510-2EC27855AAE0}.Debug|Any CPU.Build.0 = Debug|Any CPU
		{FC73C142-0908-4184-A510-2EC27855AAE0}.Release|Any CPU.ActiveCfg = Release|Any CPU
		{FC73C142-0908-4184-A510-2EC27855AAE0}.Release|Any CPU.Build.0 = Release|Any CPU
		{34C3E438-2AC6-4D10-98A8-166BAF49729B}.Debug|Any CPU.ActiveCfg = Debug|Any CPU
		{34C3E438-2AC6-4D10-98A8-166BAF49729B}.Debug|Any CPU.Build.0 = Debug|Any CPU
		{34C3E438-2AC6-4D10-98A8-166BAF49729B}.Release|Any CPU.ActiveCfg = Release|Any CPU
		{34C3E438-2AC6-4D10-98A8-166BAF49729B}.Release|Any CPU.Build.0 = Release|Any CPU
		{37C5159E-B347-4224-870C-937E78CBE73F}.Debug|Any CPU.ActiveCfg = Debug|Any CPU
		{37C5159E-B347-4224-870C-937E78CBE73F}.Debug|Any CPU.Build.0 = Debug|Any CPU
		{37C5159E-B347-4224-870C-937E78CBE73F}.Release|Any CPU.ActiveCfg = Release|Any CPU
		{37C5159E-B347-4224-870C-937E78CBE73F}.Release|Any CPU.Build.0 = Release|Any CPU
		{0E30C818-9CCC-457C-BAFA-E7A3C43B43EF}.Debug|Any CPU.ActiveCfg = Debug|Any CPU
		{0E30C818-9CCC-457C-BAFA-E7A3C43B43EF}.Debug|Any CPU.Build.0 = Debug|Any CPU
		{0E30C818-9CCC-457C-BAFA-E7A3C43B43EF}.Release|Any CPU.ActiveCfg = Release|Any CPU
		{0E30C818-9CCC-457C-BAFA-E7A3C43B43EF}.Release|Any CPU.Build.0 = Release|Any CPU
		{D4D7FE9C-6871-4669-B3CF-D5CCBDDEAD4B}.Debug|Any CPU.ActiveCfg = Debug|Any CPU
		{D4D7FE9C-6871-4669-B3CF-D5CCBDDEAD4B}.Debug|Any CPU.Build.0 = Debug|Any CPU
		{D4D7FE9C-6871-4669-B3CF-D5CCBDDEAD4B}.Release|Any CPU.ActiveCfg = Release|Any CPU
		{D4D7FE9C-6871-4669-B3CF-D5CCBDDEAD4B}.Release|Any CPU.Build.0 = Release|Any CPU
	EndGlobalSection
	GlobalSection(SolutionProperties) = preSolution
		HideSolutionNode = FALSE
	EndGlobalSection
EndGlobal
